// !$*UTF8*$!
{
	archiveVersion = 1;
	classes = {
	};
	objectVersion = 77;
	objects = {

/* Begin PBXBuildFile section */
		001 /* PoengjegerApp.swift in Sources */ = {isa = PBXBuildFile; fileRef = 101 /* PoengjegerApp.swift */; };
		002 /* AppEnvironment.swift in Sources */ = {isa = PBXBuildFile; fileRef = 102 /* AppEnvironment.swift */; };
		003 /* RootView.swift in Sources */ = {isa = PBXBuildFile; fileRef = 103 /* RootView.swift */; };
		004 /* PoengjegerTheme.swift in Sources */ = {isa = PBXBuildFile; fileRef = 104 /* PoengjegerTheme.swift */; };
		005 /* BonusProgram.swift in Sources */ = {isa = PBXBuildFile; fileRef = 105 /* BonusProgram.swift */; };
		006 /* Campaign.swift in Sources */ = {isa = PBXBuildFile; fileRef = 106 /* Campaign.swift */; };
		007 /* UserSession.swift in Sources */ = {isa = PBXBuildFile; fileRef = 107 /* UserSession.swift */; };
		008 /* CampaignRepository.swift in Sources */ = {isa = PBXBuildFile; fileRef = 108 /* CampaignRepository.swift */; };
		010 /* MockCampaignRepository.swift in Sources */ = {isa = PBXBuildFile; fileRef = 110 /* MockCampaignRepository.swift */; };
		011 /* MainTabView.swift in Sources */ = {isa = PBXBuildFile; fileRef = 111 /* MainTabView.swift */; };
		012 /* OnboardingView.swift in Sources */ = {isa = PBXBuildFile; fileRef = 112 /* OnboardingView.swift */; };
		013 /* FeedView.swift in Sources */ = {isa = PBXBuildFile; fileRef = 113 /* FeedView.swift */; };
		014 /* CampaignDetailView.swift in Sources */ = {isa = PBXBuildFile; fileRef = 114 /* CampaignDetailView.swift */; };
		015 /* FavoritesView.swift in Sources */ = {isa = PBXBuildFile; fileRef = 115 /* FavoritesView.swift */; };
		016 /* SettingsView.swift in Sources */ = {isa = PBXBuildFile; fileRef = 116 /* SettingsView.swift */; };
		017 /* ScannableFeedUseCaseTests.swift in Sources */ = {isa = PBXBuildFile; fileRef = 117 /* ScannableFeedUseCaseTests.swift */; };
		018 /* SupabaseCampaignRepository.swift in Sources */ = {isa = PBXBuildFile; fileRef = 119 /* SupabaseCampaignRepository.swift */; };
		019 /* IngestionCandidate.swift in Sources */ = {isa = PBXBuildFile; fileRef = 123 /* IngestionCandidate.swift */; };
		020 /* AdminRepository.swift in Sources */ = {isa = PBXBuildFile; fileRef = 124 /* AdminRepository.swift */; };
		021 /* MockAdminRepository.swift in Sources */ = {isa = PBXBuildFile; fileRef = 125 /* MockAdminRepository.swift */; };
		022 /* AdminQueueView.swift in Sources */ = {isa = PBXBuildFile; fileRef = 126 /* AdminQueueView.swift */; };
		023 /* UserSessionStore.swift in Sources */ = {isa = PBXBuildFile; fileRef = 127 /* UserSessionStore.swift */; };
		024 /* Assets.xcassets in Resources */ = {isa = PBXBuildFile; fileRef = 128 /* Assets.xcassets */; };
		025 /* CampaignCardView.swift in Sources */ = {isa = PBXBuildFile; fileRef = 129 /* CampaignCardView.swift */; };
		026 /* FeedPresentation.swift in Sources */ = {isa = PBXBuildFile; fileRef = 130 /* FeedPresentation.swift */; };
		027 /* ProgramDetailView.swift in Sources */ = {isa = PBXBuildFile; fileRef = 131 /* ProgramDetailView.swift */; };
		028 /* ProgramGuide.swift in Sources */ = {isa = PBXBuildFile; fileRef = 132 /* ProgramGuide.swift */; };
		029 /* LearnView.swift in Sources */ = {isa = PBXBuildFile; fileRef = 133 /* LearnView.swift */; };
		030 /* StoreEarning.swift in Sources */ = {isa = PBXBuildFile; fileRef = 134 /* StoreEarning.swift */; };
		031 /* HomeView.swift in Sources */ = {isa = PBXBuildFile; fileRef = 135 /* HomeView.swift */; };
		032 /* StoreDetailView.swift in Sources */ = {isa = PBXBuildFile; fileRef = 136 /* StoreDetailView.swift */; };
		033 /* HowToEarnView.swift in Sources */ = {isa = PBXBuildFile; fileRef = 137 /* HowToEarnView.swift */; };
		034 /* ExploreView.swift in Sources */ = {isa = PBXBuildFile; fileRef = 138 /* ExploreView.swift */; };
		035 /* CategoryStoresView.swift in Sources */ = {isa = PBXBuildFile; fileRef = 139 /* CategoryStoresView.swift */; };
		036 /* StoreEarningUseCaseTests.swift in Sources */ = {isa = PBXBuildFile; fileRef = 140 /* StoreEarningUseCaseTests.swift */; };
		041 /* AdminIngestionUseCaseTests.swift in Sources */ = {isa = PBXBuildFile; fileRef = 141 /* AdminIngestionUseCaseTests.swift */; };
		042 /* FeedControls.swift in Sources */ = {isa = PBXBuildFile; fileRef = 142 /* FeedControls.swift */; };
		043 /* FeedComponents.swift in Sources */ = {isa = PBXBuildFile; fileRef = 143 /* FeedComponents.swift */; };
		044 /* CampaignDetailComponents.swift in Sources */ = {isa = PBXBuildFile; fileRef = 144 /* CampaignDetailComponents.swift */; };
		045 /* CampaignDetailPresentation.swift in Sources */ = {isa = PBXBuildFile; fileRef = 145 /* CampaignDetailPresentation.swift */; };
		046 /* ProgramDetailComponents.swift in Sources */ = {isa = PBXBuildFile; fileRef = 146 /* ProgramDetailComponents.swift */; };
		047 /* ProgramDetailPresentation.swift in Sources */ = {isa = PBXBuildFile; fileRef = 147 /* ProgramDetailPresentation.swift */; };
		048 /* SaveToggleButton.swift in Sources */ = {isa = PBXBuildFile; fileRef = 148 /* SaveToggleButton.swift */; };
/* End PBXBuildFile section */

/* Begin PBXContainerItemProxy section */
		201 /* PBXContainerItemProxy */ = {
			isa = PBXContainerItemProxy;
			containerPortal = 300 /* Project object */;
			proxyType = 1;
			remoteGlobalIDString = 401;
			remoteInfo = Poengjeger;
		};
/* End PBXContainerItemProxy section */

/* Begin PBXFileReference section */
		100 /* Poengjeger.app */ = {isa = PBXFileReference; explicitFileType = wrapper.application; includeInIndex = 0; path = Poengjeger.app; sourceTree = BUILT_PRODUCTS_DIR; };
		101 /* PoengjegerApp.swift */ = {isa = PBXFileReference; lastKnownFileType = sourcecode.swift; path = PoengjegerApp.swift; sourceTree = "<group>"; };
		102 /* AppEnvironment.swift */ = {isa = PBXFileReference; lastKnownFileType = sourcecode.swift; path = AppEnvironment.swift; sourceTree = "<group>"; };
		103 /* RootView.swift */ = {isa = PBXFileReference; lastKnownFileType = sourcecode.swift; path = RootView.swift; sourceTree = "<group>"; };
		104 /* PoengjegerTheme.swift */ = {isa = PBXFileReference; lastKnownFileType = sourcecode.swift; path = PoengjegerTheme.swift; sourceTree = "<group>"; };
		105 /* BonusProgram.swift */ = {isa = PBXFileReference; lastKnownFileType = sourcecode.swift; path = BonusProgram.swift; sourceTree = "<group>"; };
		106 /* Campaign.swift */ = {isa = PBXFileReference; lastKnownFileType = sourcecode.swift; path = Campaign.swift; sourceTree = "<group>"; };
		107 /* UserSession.swift */ = {isa = PBXFileReference; lastKnownFileType = sourcecode.swift; path = UserSession.swift; sourceTree = "<group>"; };
		108 /* CampaignRepository.swift */ = {isa = PBXFileReference; lastKnownFileType = sourcecode.swift; path = CampaignRepository.swift; sourceTree = "<group>"; };
		110 /* MockCampaignRepository.swift */ = {isa = PBXFileReference; lastKnownFileType = sourcecode.swift; path = MockCampaignRepository.swift; sourceTree = "<group>"; };
		111 /* MainTabView.swift */ = {isa = PBXFileReference; lastKnownFileType = sourcecode.swift; path = MainTabView.swift; sourceTree = "<group>"; };
		112 /* OnboardingView.swift */ = {isa = PBXFileReference; lastKnownFileType = sourcecode.swift; path = OnboardingView.swift; sourceTree = "<group>"; };
		113 /* FeedView.swift */ = {isa = PBXFileReference; lastKnownFileType = sourcecode.swift; path = FeedView.swift; sourceTree = "<group>"; };
		114 /* CampaignDetailView.swift */ = {isa = PBXFileReference; lastKnownFileType = sourcecode.swift; path = CampaignDetailView.swift; sourceTree = "<group>"; };
		115 /* FavoritesView.swift */ = {isa = PBXFileReference; lastKnownFileType = sourcecode.swift; path = FavoritesView.swift; sourceTree = "<group>"; };
		116 /* SettingsView.swift */ = {isa = PBXFileReference; lastKnownFileType = sourcecode.swift; path = SettingsView.swift; sourceTree = "<group>"; };
		117 /* ScannableFeedUseCaseTests.swift */ = {isa = PBXFileReference; lastKnownFileType = sourcecode.swift; path = ScannableFeedUseCaseTests.swift; sourceTree = "<group>"; };
		118 /* PoengjegerTests.xctest */ = {isa = PBXFileReference; explicitFileType = wrapper.cfbundle; includeInIndex = 0; path = PoengjegerTests.xctest; sourceTree = BUILT_PRODUCTS_DIR; };
		119 /* SupabaseCampaignRepository.swift */ = {isa = PBXFileReference; lastKnownFileType = sourcecode.swift; path = SupabaseCampaignRepository.swift; sourceTree = "<group>"; };
		120 /* Info.plist */ = {isa = PBXFileReference; lastKnownFileType = text.plist.xml; path = Info.plist; sourceTree = "<group>"; };
		121 /* AppConfig.xcconfig */ = {isa = PBXFileReference; lastKnownFileType = text.xcconfig; path = AppConfig.xcconfig; sourceTree = "<group>"; };
		122 /* AppSecrets.example.xcconfig */ = {isa = PBXFileReference; lastKnownFileType = text.xcconfig; path = AppSecrets.example.xcconfig; sourceTree = "<group>"; };
		123 /* IngestionCandidate.swift */ = {isa = PBXFileReference; lastKnownFileType = sourcecode.swift; path = IngestionCandidate.swift; sourceTree = "<group>"; };
		124 /* AdminRepository.swift */ = {isa = PBXFileReference; lastKnownFileType = sourcecode.swift; path = AdminRepository.swift; sourceTree = "<group>"; };
		125 /* MockAdminRepository.swift */ = {isa = PBXFileReference; lastKnownFileType = sourcecode.swift; path = MockAdminRepository.swift; sourceTree = "<group>"; };
		126 /* AdminQueueView.swift */ = {isa = PBXFileReference; lastKnownFileType = sourcecode.swift; path = AdminQueueView.swift; sourceTree = "<group>"; };
		127 /* UserSessionStore.swift */ = {isa = PBXFileReference; lastKnownFileType = sourcecode.swift; path = UserSessionStore.swift; sourceTree = "<group>"; };
		128 /* Assets.xcassets */ = {isa = PBXFileReference; lastKnownFileType = folder.assetcatalog; path = Assets.xcassets; sourceTree = "<group>"; };
		129 /* CampaignCardView.swift */ = {isa = PBXFileReference; lastKnownFileType = sourcecode.swift; path = CampaignCardView.swift; sourceTree = "<group>"; };
		130 /* FeedPresentation.swift */ = {isa = PBXFileReference; lastKnownFileType = sourcecode.swift; path = FeedPresentation.swift; sourceTree = "<group>"; };
		131 /* ProgramDetailView.swift */ = {isa = PBXFileReference; lastKnownFileType = sourcecode.swift; path = ProgramDetailView.swift; sourceTree = "<group>"; };
		132 /* ProgramGuide.swift */ = {isa = PBXFileReference; lastKnownFileType = sourcecode.swift; path = ProgramGuide.swift; sourceTree = "<group>"; };
		133 /* LearnView.swift */ = {isa = PBXFileReference; lastKnownFileType = sourcecode.swift; path = LearnView.swift; sourceTree = "<group>"; };
		134 /* StoreEarning.swift */ = {isa = PBXFileReference; lastKnownFileType = sourcecode.swift; path = StoreEarning.swift; sourceTree = "<group>"; };
		135 /* HomeView.swift */ = {isa = PBXFileReference; lastKnownFileType = sourcecode.swift; path = HomeView.swift; sourceTree = "<group>"; };
		136 /* StoreDetailView.swift */ = {isa = PBXFileReference; lastKnownFileType = sourcecode.swift; path = StoreDetailView.swift; sourceTree = "<group>"; };
		137 /* HowToEarnView.swift */ = {isa = PBXFileReference; lastKnownFileType = sourcecode.swift; path = HowToEarnView.swift; sourceTree = "<group>"; };
		138 /* ExploreView.swift */ = {isa = PBXFileReference; lastKnownFileType = sourcecode.swift; path = ExploreView.swift; sourceTree = "<group>"; };
		139 /* CategoryStoresView.swift */ = {isa = PBXFileReference; lastKnownFileType = sourcecode.swift; path = CategoryStoresView.swift; sourceTree = "<group>"; };
		140 /* StoreEarningUseCaseTests.swift */ = {isa = PBXFileReference; lastKnownFileType = sourcecode.swift; path = StoreEarningUseCaseTests.swift; sourceTree = "<group>"; };
		141 /* AdminIngestionUseCaseTests.swift */ = {isa = PBXFileReference; lastKnownFileType = sourcecode.swift; path = AdminIngestionUseCaseTests.swift; sourceTree = "<group>"; };
		142 /* FeedControls.swift */ = {isa = PBXFileReference; lastKnownFileType = sourcecode.swift; path = FeedControls.swift; sourceTree = "<group>"; };
		143 /* FeedComponents.swift */ = {isa = PBXFileReference; lastKnownFileType = sourcecode.swift; path = FeedComponents.swift; sourceTree = "<group>"; };
		144 /* CampaignDetailComponents.swift */ = {isa = PBXFileReference; lastKnownFileType = sourcecode.swift; path = CampaignDetailComponents.swift; sourceTree = "<group>"; };
		145 /* CampaignDetailPresentation.swift */ = {isa = PBXFileReference; lastKnownFileType = sourcecode.swift; path = CampaignDetailPresentation.swift; sourceTree = "<group>"; };
		146 /* ProgramDetailComponents.swift */ = {isa = PBXFileReference; lastKnownFileType = sourcecode.swift; path = ProgramDetailComponents.swift; sourceTree = "<group>"; };
		147 /* ProgramDetailPresentation.swift */ = {isa = PBXFileReference; lastKnownFileType = sourcecode.swift; path = ProgramDetailPresentation.swift; sourceTree = "<group>"; };
		148 /* SaveToggleButton.swift */ = {isa = PBXFileReference; lastKnownFileType = sourcecode.swift; path = SaveToggleButton.swift; sourceTree = "<group>"; };
/* End PBXFileReference section */

/* Begin PBXFrameworksBuildPhase section */
		500 /* Frameworks */ = {
			isa = PBXFrameworksBuildPhase;
			buildActionMask = 2147483647;
			files = (
			);
			runOnlyForDeploymentPostprocessing = 0;
		};
		501 /* Frameworks */ = {
			isa = PBXFrameworksBuildPhase;
			buildActionMask = 2147483647;
			files = (
			);
			runOnlyForDeploymentPostprocessing = 0;
		};
/* End PBXFrameworksBuildPhase section */

/* Begin PBXGroup section */
		600 = {
			isa = PBXGroup;
			children = (
				601 /* Poengjeger */,
				700 /* PoengjegerTests */,
				118 /* PoengjegerTests.xctest */,
				100 /* Poengjeger.app */,
			);
			sourceTree = "<group>";
		};
		601 /* Poengjeger */ = {
			isa = PBXGroup;
			children = (
				602 /* App */,
				620 /* Config */,
				603 /* Core */,
				623 /* Resources */,
				604 /* Domain */,
				605 /* Data */,
				606 /* Features */,
			);
			path = Poengjeger;
			sourceTree = "<group>";
		};
		602 /* App */ = {
			isa = PBXGroup;
			children = (
				101 /* PoengjegerApp.swift */,
				102 /* AppEnvironment.swift */,
				103 /* RootView.swift */,
				120 /* Info.plist */,
			);
			path = App;
			sourceTree = "<group>";
		};
		603 /* Core */ = {
			isa = PBXGroup;
			children = (
				607 /* DesignSystem */,
				622 /* Persistence */,
			);
			path = Core;
			sourceTree = "<group>";
		};
		604 /* Domain */ = {
			isa = PBXGroup;
			children = (
				608 /* Models */,
				609,
			);
			path = Domain;
			sourceTree = "<group>";
		};
		605 /* Data */ = {
			isa = PBXGroup;
			children = (
				615 /* Repositories */,
			);
			path = Data;
			sourceTree = "<group>";
		};
		606 /* Features */ = {
			isa = PBXGroup;
			children = (
				610 /* Shared */,
				625 /* Home */,
				611 /* Onboarding */,
				612 /* Feed */,
				627 /* Explore */,
				626 /* Stores */,
				613,
				614 /* Settings */,
			);
			path = Features;
			sourceTree = "<group>";
		};
		607 /* DesignSystem */ = {
			isa = PBXGroup;
			children = (
				104 /* PoengjegerTheme.swift */,
			);
			path = DesignSystem;
			sourceTree = "<group>";
		};
		608 /* Models */ = {
			isa = PBXGroup;
			children = (
				105 /* BonusProgram.swift */,
				106 /* Campaign.swift */,
				107 /* UserSession.swift */,
				123 /* IngestionCandidate.swift */,
				132 /* ProgramGuide.swift */,
				134 /* StoreEarning.swift */,
			);
			path = Models;
			sourceTree = "<group>";
		};
		609 = {
			isa = PBXGroup;
			children = (
				616 /* Services */,
			);
			sourceTree = "<group>";
		};
		610 /* Shared */ = {
			isa = PBXGroup;
			children = (
				111 /* MainTabView.swift */,
				129 /* CampaignCardView.swift */,
				148 /* SaveToggleButton.swift */,
			);
			path = Shared;
			sourceTree = "<group>";
		};
		611 /* Onboarding */ = {
			isa = PBXGroup;
			children = (
				112 /* OnboardingView.swift */,
			);
			path = Onboarding;
			sourceTree = "<group>";
		};
		612 /* Feed */ = {
			isa = PBXGroup;
			children = (
				113 /* FeedView.swift */,
				142 /* FeedControls.swift */,
				143 /* FeedComponents.swift */,
				130 /* FeedPresentation.swift */,
			);
			path = Feed;
			sourceTree = "<group>";
		};
		613 = {
			isa = PBXGroup;
			children = (
				618 /* CampaignDetail */,
				624 /* Programs */,
				619 /* Favorites */,
				621 /* Admin */,
			);
			sourceTree = "<group>";
		};
		614 /* Settings */ = {
			isa = PBXGroup;
			children = (
				116 /* SettingsView.swift */,
			);
			path = Settings;
			sourceTree = "<group>";
		};
		615 /* Repositories */ = {
			isa = PBXGroup;
			children = (
				110 /* MockCampaignRepository.swift */,
				125 /* MockAdminRepository.swift */,
				119 /* SupabaseCampaignRepository.swift */,
			);
			path = Repositories;
			sourceTree = "<group>";
		};
		616 /* Services */ = {
			isa = PBXGroup;
			children = (
				108 /* CampaignRepository.swift */,
				124 /* AdminRepository.swift */,
			);
			path = Services;
			sourceTree = "<group>";
		};
		618 /* CampaignDetail */ = {
			isa = PBXGroup;
			children = (
				114 /* CampaignDetailView.swift */,
				144 /* CampaignDetailComponents.swift */,
				145 /* CampaignDetailPresentation.swift */,
			);
			path = CampaignDetail;
			sourceTree = "<group>";
		};
		619 /* Favorites */ = {
			isa = PBXGroup;
			children = (
				115 /* FavoritesView.swift */,
			);
			path = Favorites;
			sourceTree = "<group>";
		};
		620 /* Config */ = {
			isa = PBXGroup;
			children = (
				121 /* AppConfig.xcconfig */,
				122 /* AppSecrets.example.xcconfig */,
			);
			path = Config;
			sourceTree = "<group>";
		};
		621 /* Admin */ = {
			isa = PBXGroup;
			children = (
				126 /* AdminQueueView.swift */,
			);
			path = Admin;
			sourceTree = "<group>";
		};
		622 /* Persistence */ = {
			isa = PBXGroup;
			children = (
				127 /* UserSessionStore.swift */,
			);
			path = Persistence;
			sourceTree = "<group>";
		};
		623 /* Resources */ = {
			isa = PBXGroup;
			children = (
				128 /* Assets.xcassets */,
			);
			path = Resources;
			sourceTree = "<group>";
		};
		624 /* Programs */ = {
			isa = PBXGroup;
			children = (
				133 /* LearnView.swift */,
				131 /* ProgramDetailView.swift */,
				146 /* ProgramDetailComponents.swift */,
				147 /* ProgramDetailPresentation.swift */,
			);
			path = Programs;
			sourceTree = "<group>";
		};
		625 /* Home */ = {
			isa = PBXGroup;
			children = (
				135 /* HomeView.swift */,
			);
			path = Home;
			sourceTree = "<group>";
		};
		626 /* Stores */ = {
			isa = PBXGroup;
			children = (
				136 /* StoreDetailView.swift */,
				137 /* HowToEarnView.swift */,
				139 /* CategoryStoresView.swift */,
			);
			path = Stores;
			sourceTree = "<group>";
		};
		627 /* Explore */ = {
			isa = PBXGroup;
			children = (
				138 /* ExploreView.swift */,
			);
			path = Explore;
			sourceTree = "<group>";
		};
		700 /* PoengjegerTests */ = {
			isa = PBXGroup;
			children = (
				701,
			);
			path = PoengjegerTests;
			sourceTree = "<group>";
		};
		701 = {
			isa = PBXGroup;
			children = (
				117 /* ScannableFeedUseCaseTests.swift */,
				140 /* StoreEarningUseCaseTests.swift */,
				141 /* AdminIngestionUseCaseTests.swift */,
			);
			sourceTree = "<group>";
		};
/* End PBXGroup section */

/* Begin PBXNativeTarget section */
		401 /* Poengjeger */ = {
			isa = PBXNativeTarget;
			buildConfigurationList = 900 /* Build configuration list for PBXNativeTarget "Poengjeger" */;
			buildPhases = (
				800 /* Sources */,
				500 /* Frameworks */,
				801 /* Resources */,
			);
			buildRules = (
			);
			dependencies = (
			);
			name = Poengjeger;
			productName = Poengjeger;
			productReference = 100 /* Poengjeger.app */;
			productType = "com.apple.product-type.application";
		};
		402 /* PoengjegerTests */ = {
			isa = PBXNativeTarget;
			buildConfigurationList = 901 /* Build configuration list for PBXNativeTarget "PoengjegerTests" */;
			buildPhases = (
				802 /* Sources */,
				501 /* Frameworks */,
				803 /* Resources */,
			);
			buildRules = (
			);
			dependencies = (
				202 /* PBXTargetDependency */,
			);
			name = PoengjegerTests;
			productName = PoengjegerTests;
			productReference = 118 /* PoengjegerTests.xctest */;
			productType = "com.apple.product-type.bundle.unit-test";
		};
/* End PBXNativeTarget section */

/* Begin PBXProject section */
		300 /* Project object */ = {
			isa = PBXProject;
			attributes = {
				BuildIndependentTargetsInParallel = 1;
				LastSwiftUpdateCheck = 2600;
				LastUpgradeCheck = 2660;
				TargetAttributes = {
					401 = {
						CreatedOnToolsVersion = 26.0;
					};
					402 = {
						CreatedOnToolsVersion = 26.0;
						TestTargetID = 401;
					};
				};
			};
			buildConfigurationList = 902 /* Build configuration list for PBXProject "Poengjeger" */;
			developmentRegion = en;
			hasScannedForEncodings = 0;
			knownRegions = (
				en,
				Base,
			);
			mainGroup = 600;
			minimizedProjectReferenceProxies = 1;
			preferredProjectObjectVersion = 77;
			productRefGroup = 600;
			projectDirPath = "";
			projectRoot = "";
			targets = (
				401 /* Poengjeger */,
				402 /* PoengjegerTests */,
			);
		};
/* End PBXProject section */

/* Begin PBXResourcesBuildPhase section */
		801 /* Resources */ = {
			isa = PBXResourcesBuildPhase;
			buildActionMask = 2147483647;
			files = (
				024 /* Assets.xcassets in Resources */,
			);
			runOnlyForDeploymentPostprocessing = 0;
		};
		803 /* Resources */ = {
			isa = PBXResourcesBuildPhase;
			buildActionMask = 2147483647;
			files = (
			);
			runOnlyForDeploymentPostprocessing = 0;
		};
/* End PBXResourcesBuildPhase section */

/* Begin PBXSourcesBuildPhase section */
		800 /* Sources */ = {
			isa = PBXSourcesBuildPhase;
			buildActionMask = 2147483647;
			files = (
				001 /* PoengjegerApp.swift in Sources */,
				002 /* AppEnvironment.swift in Sources */,
				003 /* RootView.swift in Sources */,
				004 /* PoengjegerTheme.swift in Sources */,
				005 /* BonusProgram.swift in Sources */,
				006 /* Campaign.swift in Sources */,
				007 /* UserSession.swift in Sources */,
				019 /* IngestionCandidate.swift in Sources */,
				008 /* CampaignRepository.swift in Sources */,
				020 /* AdminRepository.swift in Sources */,
				010 /* MockCampaignRepository.swift in Sources */,
				021 /* MockAdminRepository.swift in Sources */,
				011 /* MainTabView.swift in Sources */,
				048 /* SaveToggleButton.swift in Sources */,
				012 /* OnboardingView.swift in Sources */,
				013 /* FeedView.swift in Sources */,
				042 /* FeedControls.swift in Sources */,
				043 /* FeedComponents.swift in Sources */,
				014 /* CampaignDetailView.swift in Sources */,
				044 /* CampaignDetailComponents.swift in Sources */,
				045 /* CampaignDetailPresentation.swift in Sources */,
				015 /* FavoritesView.swift in Sources */,
				016 /* SettingsView.swift in Sources */,
				018 /* SupabaseCampaignRepository.swift in Sources */,
				022 /* AdminQueueView.swift in Sources */,
				023 /* UserSessionStore.swift in Sources */,
				025 /* CampaignCardView.swift in Sources */,
				026 /* FeedPresentation.swift in Sources */,
				027 /* ProgramDetailView.swift in Sources */,
				046 /* ProgramDetailComponents.swift in Sources */,
				047 /* ProgramDetailPresentation.swift in Sources */,
				028 /* ProgramGuide.swift in Sources */,
				029 /* LearnView.swift in Sources */,
				030 /* StoreEarning.swift in Sources */,
				031 /* HomeView.swift in Sources */,
				032 /* StoreDetailView.swift in Sources */,
				033 /* HowToEarnView.swift in Sources */,
				034 /* ExploreView.swift in Sources */,
				035 /* CategoryStoresView.swift in Sources */,
			);
			runOnlyForDeploymentPostprocessing = 0;
		};
		802 /* Sources */ = {
			isa = PBXSourcesBuildPhase;
			buildActionMask = 2147483647;
			files = (
				017 /* ScannableFeedUseCaseTests.swift in Sources */,
				036 /* StoreEarningUseCaseTests.swift in Sources */,
				041 /* AdminIngestionUseCaseTests.swift in Sources */,
			);
			runOnlyForDeploymentPostprocessing = 0;
		};
/* End PBXSourcesBuildPhase section */

/* Begin PBXTargetDependency section */
		202 /* PBXTargetDependency */ = {
			isa = PBXTargetDependency;
			target = 401 /* Poengjeger */;
			targetProxy = 201 /* PBXContainerItemProxy */;
		};
/* End PBXTargetDependency section */

/* Begin XCBuildConfiguration section */
		1002 /* Debug */ = {
			isa = XCBuildConfiguration;
			baseConfigurationReference = 121 /* AppConfig.xcconfig */;
			buildSettings = {
				ALWAYS_SEARCH_USER_PATHS = NO;
				ASSETCATALOG_COMPILER_APPICON_NAME = AppIcon;
				CLANG_ENABLE_OBJC_WEAK = YES;
				CODE_SIGN_STYLE = Automatic;
				CURRENT_PROJECT_VERSION = 1;
				DEVELOPMENT_TEAM = K392629S8S;
				ENABLE_PREVIEWS = YES;
				ENABLE_TESTABILITY = YES;
				GENERATE_INFOPLIST_FILE = NO;
				INFOPLIST_FILE = Poengjeger/App/Info.plist;
				IPHONEOS_DEPLOYMENT_TARGET = 18.0;
				LD_RUNPATH_SEARCH_PATHS = (
					"$(inherited)",
					"@executable_path/Frameworks",
				);
				MARKETING_VERSION = 1.0;
				PRODUCT_BUNDLE_IDENTIFIER = no.poengjeger.app;
				PRODUCT_NAME = "$(TARGET_NAME)";
				SDKROOT = iphoneos;
				SUPPORTED_PLATFORMS = "iphoneos iphonesimulator";
				SWIFT_EMIT_LOC_STRINGS = YES;
				SWIFT_OPTIMIZATION_LEVEL = "-Onone";
				SWIFT_VERSION = 6.0;
				TARGETED_DEVICE_FAMILY = 1;
			};
			name = Debug;
		};
		1003 /* Release */ = {
			isa = XCBuildConfiguration;
			baseConfigurationReference = 121 /* AppConfig.xcconfig */;
			buildSettings = {
				ALWAYS_SEARCH_USER_PATHS = NO;
				ASSETCATALOG_COMPILER_APPICON_NAME = AppIcon;
				CLANG_ENABLE_OBJC_WEAK = YES;
				CODE_SIGN_STYLE = Automatic;
				CURRENT_PROJECT_VERSION = 1;
				DEVELOPMENT_TEAM = K392629S8S;
				ENABLE_PREVIEWS = YES;
				GENERATE_INFOPLIST_FILE = NO;
				INFOPLIST_FILE = Poengjeger/App/Info.plist;
				IPHONEOS_DEPLOYMENT_TARGET = 18.0;
				LD_RUNPATH_SEARCH_PATHS = (
					"$(inherited)",
					"@executable_path/Frameworks",
				);
				MARKETING_VERSION = 1.0;
				PRODUCT_BUNDLE_IDENTIFIER = no.poengjeger.app;
				PRODUCT_NAME = "$(TARGET_NAME)";
				SDKROOT = iphoneos;
				SUPPORTED_PLATFORMS = "iphoneos iphonesimulator";
				SWIFT_EMIT_LOC_STRINGS = YES;
				SWIFT_VERSION = 6.0;
				TARGETED_DEVICE_FAMILY = 1;
			};
			name = Release;
		};
		1004 /* Debug */ = {
			isa = XCBuildConfiguration;
			buildSettings = {
				ALWAYS_SEARCH_USER_PATHS = NO;
				BUNDLE_LOADER = "$(TEST_HOST)";
				CLANG_ENABLE_OBJC_WEAK = YES;
				CODE_SIGN_STYLE = Automatic;
				CURRENT_PROJECT_VERSION = 1;
				DEVELOPMENT_TEAM = "";
				ENABLE_TESTABILITY = YES;
				GENERATE_INFOPLIST_FILE = YES;
				IPHONEOS_DEPLOYMENT_TARGET = 18.0;
				LD_RUNPATH_SEARCH_PATHS = (
					"$(inherited)",
					"@executable_path/Frameworks",
					"@loader_path/Frameworks",
				);
				PRODUCT_BUNDLE_IDENTIFIER = no.poengjeger.app.tests;
				PRODUCT_NAME = "$(TARGET_NAME)";
				SDKROOT = iphoneos;
				SUPPORTED_PLATFORMS = "iphoneos iphonesimulator";
				SWIFT_OPTIMIZATION_LEVEL = "-Onone";
				SWIFT_VERSION = 6.0;
				TEST_HOST = "$(BUILT_PRODUCTS_DIR)/Poengjeger.app/Poengjeger";
			};
			name = Debug;
		};
		1005 /* Release */ = {
			isa = XCBuildConfiguration;
			buildSettings = {
				ALWAYS_SEARCH_USER_PATHS = NO;
				BUNDLE_LOADER = "$(TEST_HOST)";
				CLANG_ENABLE_OBJC_WEAK = YES;
				CODE_SIGN_STYLE = Automatic;
				CURRENT_PROJECT_VERSION = 1;
				DEVELOPMENT_TEAM = "";
				GENERATE_INFOPLIST_FILE = YES;
				IPHONEOS_DEPLOYMENT_TARGET = 18.0;
				LD_RUNPATH_SEARCH_PATHS = (
					"$(inherited)",
					"@executable_path/Frameworks",
					"@loader_path/Frameworks",
				);
				PRODUCT_BUNDLE_IDENTIFIER = no.poengjeger.app.tests;
				PRODUCT_NAME = "$(TARGET_NAME)";
				SDKROOT = iphoneos;
				SUPPORTED_PLATFORMS = "iphoneos iphonesimulator";
				SWIFT_OPTIMIZATION_LEVEL = "-O";
				SWIFT_VERSION = 6.0;
				TEST_HOST = "$(BUILT_PRODUCTS_DIR)/Poengjeger.app/Poengjeger";
			};
			name = Release;
		};
		1006 /* Debug */ = {
			isa = XCBuildConfiguration;
			buildSettings = {
				CLANG_WARN_BLOCK_CAPTURE_AUTORELEASING = YES;
				CLANG_WARN_BOOL_CONVERSION = YES;
				CLANG_WARN_COMMA = YES;
				CLANG_WARN_CONSTANT_CONVERSION = YES;
				CLANG_WARN_DEPRECATED_OBJC_IMPLEMENTATIONS = YES;
				CLANG_WARN_EMPTY_BODY = YES;
				CLANG_WARN_ENUM_CONVERSION = YES;
				CLANG_WARN_INFINITE_RECURSION = YES;
				CLANG_WARN_INT_CONVERSION = YES;
				CLANG_WARN_NON_LITERAL_NULL_CONVERSION = YES;
				CLANG_WARN_OBJC_IMPLICIT_RETAIN_SELF = YES;
				CLANG_WARN_OBJC_LITERAL_CONVERSION = YES;
				CLANG_WARN_QUOTED_INCLUDE_IN_FRAMEWORK_HEADER = YES;
				CLANG_WARN_RANGE_LOOP_ANALYSIS = YES;
				CLANG_WARN_STRICT_PROTOTYPES = YES;
				CLANG_WARN_SUSPICIOUS_MOVE = YES;
				CLANG_WARN_UNREACHABLE_CODE = YES;
				CLANG_WARN__DUPLICATE_METHOD_MATCH = YES;
				CODE_SIGN_STYLE = Automatic;
				DEAD_CODE_STRIPPING = YES;
				ENABLE_STRICT_OBJC_MSGSEND = YES;
				ENABLE_TESTABILITY = YES;
				ENABLE_USER_SCRIPT_SANDBOXING = YES;
				GCC_NO_COMMON_BLOCKS = YES;
				GCC_WARN_64_TO_32_BIT_CONVERSION = YES;
				GCC_WARN_ABOUT_RETURN_TYPE = YES;
				GCC_WARN_UNDECLARED_SELECTOR = YES;
				GCC_WARN_UNINITIALIZED_AUTOS = YES;
				GCC_WARN_UNUSED_FUNCTION = YES;
				GCC_WARN_UNUSED_VARIABLE = YES;
				ONLY_ACTIVE_ARCH = YES;
				STRING_CATALOG_GENERATE_SYMBOLS = YES;
			};
			name = Debug;
		};
		1007 /* Release */ = {
			isa = XCBuildConfiguration;
			buildSettings = {
				CLANG_WARN_BLOCK_CAPTURE_AUTORELEASING = YES;
				CLANG_WARN_BOOL_CONVERSION = YES;
				CLANG_WARN_COMMA = YES;
				CLANG_WARN_CONSTANT_CONVERSION = YES;
				CLANG_WARN_DEPRECATED_OBJC_IMPLEMENTATIONS = YES;
				CLANG_WARN_EMPTY_BODY = YES;
				CLANG_WARN_ENUM_CONVERSION = YES;
				CLANG_WARN_INFINITE_RECURSION = YES;
				CLANG_WARN_INT_CONVERSION = YES;
				CLANG_WARN_NON_LITERAL_NULL_CONVERSION = YES;
				CLANG_WARN_OBJC_IMPLICIT_RETAIN_SELF = YES;
				CLANG_WARN_OBJC_LITERAL_CONVERSION = YES;
				CLANG_WARN_QUOTED_INCLUDE_IN_FRAMEWORK_HEADER = YES;
				CLANG_WARN_RANGE_LOOP_ANALYSIS = YES;
				CLANG_WARN_STRICT_PROTOTYPES = YES;
				CLANG_WARN_SUSPICIOUS_MOVE = YES;
				CLANG_WARN_UNREACHABLE_CODE = YES;
				CLANG_WARN__DUPLICATE_METHOD_MATCH = YES;
				CODE_SIGN_STYLE = Automatic;
				DEAD_CODE_STRIPPING = YES;
				ENABLE_STRICT_OBJC_MSGSEND = YES;
				ENABLE_USER_SCRIPT_SANDBOXING = YES;
				GCC_NO_COMMON_BLOCKS = YES;
				GCC_WARN_64_TO_32_BIT_CONVERSION = YES;
				GCC_WARN_ABOUT_RETURN_TYPE = YES;
				GCC_WARN_UNDECLARED_SELECTOR = YES;
				GCC_WARN_UNINITIALIZED_AUTOS = YES;
				GCC_WARN_UNUSED_FUNCTION = YES;
				GCC_WARN_UNUSED_VARIABLE = YES;
				STRING_CATALOG_GENERATE_SYMBOLS = YES;
				SWIFT_COMPILATION_MODE = wholemodule;
			};
			name = Release;
		};
/* End XCBuildConfiguration section */

/* Begin XCConfigurationList section */
		900 /* Build configuration list for PBXNativeTarget "Poengjeger" */ = {
			isa = XCConfigurationList;
			buildConfigurations = (
				1002 /* Debug */,
				1003 /* Release */,
			);
			defaultConfigurationIsVisible = 0;
			defaultConfigurationName = Release;
		};
		901 /* Build configuration list for PBXNativeTarget "PoengjegerTests" */ = {
			isa = XCConfigurationList;
			buildConfigurations = (
				1004 /* Debug */,
				1005 /* Release */,
			);
			defaultConfigurationIsVisible = 0;
			defaultConfigurationName = Release;
		};
		902 /* Build configuration list for PBXProject "Poengjeger" */ = {
			isa = XCConfigurationList;
			buildConfigurations = (
				1006 /* Debug */,
				1007 /* Release */,
			);
			defaultConfigurationIsVisible = 0;
			defaultConfigurationName = Release;
		};
/* End XCConfigurationList section */
	};
	rootObject = 300 /* Project object */;
}
